
Microsoft Visual Studio Solution File, Format Version 12.00
# Visual Studio Version 17
VisualStudioVersion = 17.5.33530.505
MinimumVisualStudioVersion = 10.0.40219.1
Project("{FAE04EC0-301F-11D3-BF4B-00C04F79EFBC}") = "stackqueue", "stackqueue.csproj", "{14B0089F-FEAB-4502-AD46-785A9BD83775}"
EndProject
Global
	GlobalSection(SolutionConfigurationPlatforms) = preSolution
		Debug|Any CPU = Debug|Any CPU
		Release|Any CPU = Release|Any CPU
	EndGlobalSection
	GlobalSection(ProjectConfigurationPlatforms) = postSolution
		{14B0089F-FEAB-4502-AD46-785A9BD83775}.Debug|Any CPU.ActiveCfg = Debug|Any CPU
		{14B0089F-FEAB-4502-AD46-785A9BD83775}.Debug|Any CPU.Build.0 = Debug|Any CPU
		{14B0089F-FEAB-4502-AD46-785A9BD83775}.Release|Any CPU.ActiveCfg = Release|Any CPU
		{14B0089F-FEAB-4502-AD46-785A9BD83775}.Release|Any CPU.Build.0 = Release|Any CPU
	EndGlobalSection
	GlobalSection(SolutionProperties) = preSolution
		HideSolutionNode = FALSE
	EndGlobalSection
	GlobalSection(ExtensibilityGlobals) = postSolution
		SolutionGuid = {86101BA3-F9EC-45AC-BFBC-C08EF085827E}
	EndGlobalSection
EndGlobal
